
Microsoft Visual Studio Solution File, Format Version 12.00
# Visual Studio 2012
Project("{FAE04EC0-301F-11D3-BF4B-00C04F79EFBC}") = "NAntAsync", "NAntAsync\NAntAsync.csproj", "{B79EB4AA-152B-4057-8946-C4B8EE22B75A}"
EndProject
Project("{FAE04EC0-301F-11D3-BF4B-00C04F79EFBC}") = "TestNAntAsync", "TestNAntAsync\TestNAntAsync.csproj", "{762038EE-7F25-429C-AFDC-5651475E02A3}"
EndProject
Project("{2150E333-8FDC-42A3-9474-1A3956D46DE8}") = "Solution Items", "Solution Items", "{2997D334-33A2-4CE0-A010-8C9C23A2351D}"
	ProjectSection(SolutionItems) = preProject
		Integration.testsettings = Integration.testsettings
		README.md = README.md
	EndProjectSection
EndProject
Global
	GlobalSection(SolutionConfigurationPlatforms) = preSolution
		Debug|Any CPU = Debug|Any CPU
		Release|Any CPU = Release|Any CPU
	EndGlobalSection
	GlobalSection(ProjectConfigurationPlatforms) = postSolution
		{B79EB4AA-152B-4057-8946-C4B8EE22B75A}.Debug|Any CPU.ActiveCfg = Debug|Any CPU
		{B79EB4AA-152B-4057-8946-C4B8EE22B75A}.Debug|Any CPU.Build.0 = Debug|Any CPU
		{B79EB4AA-152B-4057-8946-C4B8EE22B75A}.Release|Any CPU.ActiveCfg = Release|Any CPU
		{B79EB4AA-152B-4057-8946-C4B8EE22B75A}.Release|Any CPU.Build.0 = Release|Any CPU
		{762038EE-7F25-429C-AFDC-5651475E02A3}.Debug|Any CPU.ActiveCfg = Debug|Any CPU
		{762038EE-7F25-429C-AFDC-5651475E02A3}.Debug|Any CPU.Build.0 = Debug|Any CPU
		{762038EE-7F25-429C-AFDC-5651475E02A3}.Release|Any CPU.ActiveCfg = Release|Any CPU
		{762038EE-7F25-429C-AFDC-5651475E02A3}.Release|Any CPU.Build.0 = Release|Any CPU
	EndGlobalSection
	GlobalSection(SolutionProperties) = preSolution
		HideSolutionNode = FALSE
	EndGlobalSection
EndGlobal
